
Microsoft Visual Studio Solution File, Format Version 12.00
# Visual Studio 15
VisualStudioVersion = 15.0.27428.2027
MinimumVisualStudioVersion = 10.0.40219.1
Project("{8BC9CEB8-8B4A-11D0-8D11-00A0C91BC942}") = "01.第一个项目", "01.第一个项目\01.第一个项目.vcxproj", "{1FE639D4-C5BA-41A5-AEAB-81DD12A9CE1A}"
EndProject
Global
	GlobalSection(SolutionConfigurationPlatforms) = preSolution
		Debug|x64 = Debug|x64
		Debug|x86 = Debug|x86
		Release|x64 = Release|x64
		Release|x86 = Release|x86
	EndGlobalSection
	GlobalSection(ProjectConfigurationPlatforms) = postSolution
		{1FE639D4-C5BA-41A5-AEAB-81DD12A9CE1A}.Debug|x64.ActiveCfg = Debug|x64
		{1FE639D4-C5BA-41A5-AEAB-81DD12A9CE1A}.Debug|x64.Build.0 = Debug|x64
		{1FE639D4-C5BA-41A5-AEAB-81DD12A9CE1A}.Debug|x86.ActiveCfg = Debug|Win32
		{1FE639D4-C5BA-41A5-AEAB-81DD12A9CE1A}.Debug|x86.Build.0 = Debug|Win32
		{1FE639D4-C5BA-41A5-AEAB-81DD12A9CE1A}.Release|x64.ActiveCfg = Release|x64
		{1FE639D4-C5BA-41A5-AEAB-81DD12A9CE1A}.Release|x64.Build.0 = Release|x64
		{1FE639D4-C5BA-41A5-AEAB-81DD12A9CE1A}.Release|x86.ActiveCfg = Release|Win32
		{1FE639D4-C5BA-41A5-AEAB-81DD12A9CE1A}.Release|x86.Build.0 = Release|Win32
	EndGlobalSection
	GlobalSection(SolutionProperties) = preSolution
		HideSolutionNode = FALSE
	EndGlobalSection
	GlobalSection(ExtensibilityGlobals) = postSolution
		SolutionGuid = {9F5EEB75-4472-4AAB-8EB6-0097BC7E57C5}
	EndGlobalSection
EndGlobal
